// !$*UTF8*$!
{
	archiveVersion = 1;
	classes = {
	};
	objectVersion = 46;
	objects = {

/* Begin PBXBuildFile section */
		18261E981F4DB47C0025F1DE /* studentsInfo.swift in Sources */ = {isa = PBXBuildFile; fileRef = 18261E971F4DB47C0025F1DE /* studentsInfo.swift */; };
		18261E9A1F4E9DAA0025F1DE /* studentDict.swift in Sources */ = {isa = PBXBuildFile; fileRef = 18261E991F4E9DAA0025F1DE /* studentDict.swift */; };
		18261E9C1F4ECB7C0025F1DE /* parsingData.swift in Sources */ = {isa = PBXBuildFile; fileRef = 18261E9B1F4ECB7C0025F1DE /* parsingData.swift */; };
		18261E9E1F5007580025F1DE /* MapViewController.swift in Sources */ = {isa = PBXBuildFile; fileRef = 18261E9D1F5007580025F1DE /* MapViewController.swift */; };
		182EA0001F4C589A008E1D16 /* AppDelegate.swift in Sources */ = {isa = PBXBuildFile; fileRef = 182E9FFF1F4C589A008E1D16 /* AppDelegate.swift */; };
		182EA0051F4C589A008E1D16 /* Main.storyboard in Resources */ = {isa = PBXBuildFile; fileRef = 182EA0031F4C589A008E1D16 /* Main.storyboard */; };
		182EA0071F4C589A008E1D16 /* Assets.xcassets in Resources */ = {isa = PBXBuildFile; fileRef = 182EA0061F4C589A008E1D16 /* Assets.xcassets */; };
		182EA00A1F4C589A008E1D16 /* LaunchScreen.storyboard in Resources */ = {isa = PBXBuildFile; fileRef = 182EA0081F4C589A008E1D16 /* LaunchScreen.storyboard */; };
		182EA0141F4C5BAC008E1D16 /* loginViewController.swift in Sources */ = {isa = PBXBuildFile; fileRef = 182EA0131F4C5BAC008E1D16 /* loginViewController.swift */; };
		182EA0161F4C5DEB008E1D16 /* udacityClient.swift in Sources */ = {isa = PBXBuildFile; fileRef = 182EA0151F4C5DEB008E1D16 /* udacityClient.swift */; };
		182EA0181F4C9D53008E1D16 /* userInfo.swift in Sources */ = {isa = PBXBuildFile; fileRef = 182EA0171F4C9D53008E1D16 /* userInfo.swift */; };
		182EA01A1F4CB18B008E1D16 /* GCD-Box.swift in Sources */ = {isa = PBXBuildFile; fileRef = 182EA0191F4CB18B008E1D16 /* GCD-Box.swift */; };
		182EA01C1F4D53AC008E1D16 /* displayAlert.swift in Sources */ = {isa = PBXBuildFile; fileRef = 182EA01B1F4D53AC008E1D16 /* displayAlert.swift */; };
		18356B0A1F5152FB00F34D73 /* TableViewController.swift in Sources */ = {isa = PBXBuildFile; fileRef = 18356B091F5152FB00F34D73 /* TableViewController.swift */; };
		18356B0C1F52C08B00F34D73 /* StudentStatusViewController.swift in Sources */ = {isa = PBXBuildFile; fileRef = 18356B0B1F52C08B00F34D73 /* StudentStatusViewController.swift */; };
/* End PBXBuildFile section */

/* Begin PBXFileReference section */
		18261E971F4DB47C0025F1DE /* studentsInfo.swift */ = {isa = PBXFileReference; fileEncoding = 4; lastKnownFileType = sourcecode.swift; path = studentsInfo.swift; sourceTree = "<group>"; };
		18261E991F4E9DAA0025F1DE /* studentDict.swift */ = {isa = PBXFileReference; fileEncoding = 4; lastKnownFileType = sourcecode.swift; path = studentDict.swift; sourceTree = "<group>"; };
		18261E9B1F4ECB7C0025F1DE /* parsingData.swift */ = {isa = PBXFileReference; fileEncoding = 4; lastKnownFileType = sourcecode.swift; path = parsingData.swift; sourceTree = "<group>"; };
		18261E9D1F5007580025F1DE /* MapViewController.swift */ = {isa = PBXFileReference; fileEncoding = 4; lastKnownFileType = sourcecode.swift; path = MapViewController.swift; sourceTree = "<group>"; };
		182E9FFC1F4C589A008E1D16 /* onTheMap.app */ = {isa = PBXFileReference; explicitFileType = wrapper.application; includeInIndex = 0; path = onTheMap.app; sourceTree = BUILT_PRODUCTS_DIR; };
		182E9FFF1F4C589A008E1D16 /* AppDelegate.swift */ = {isa = PBXFileReference; lastKnownFileType = sourcecode.swift; path = AppDelegate.swift; sourceTree = "<group>"; };
		182EA0041F4C589A008E1D16 /* Base */ = {isa = PBXFileReference; lastKnownFileType = file.storyboard; name = Base; path = Base.lproj/Main.storyboard; sourceTree = "<group>"; };
		182EA0061F4C589A008E1D16 /* Assets.xcassets */ = {isa = PBXFileReference; lastKnownFileType = folder.assetcatalog; name = Assets.xcassets; path = onTheMap/Assets.xcassets; sourceTree = "<group>"; };
		182EA0091F4C589A008E1D16 /* Base */ = {isa = PBXFileReference; lastKnownFileType = file.storyboard; name = Base; path = Base.lproj/LaunchScreen.storyboard; sourceTree = "<group>"; };
		182EA00B1F4C589A008E1D16 /* Info.plist */ = {isa = PBXFileReference; lastKnownFileType = text.plist.xml; name = Info.plist; path = onTheMap/Info.plist; sourceTree = "<group>"; };
		182EA0131F4C5BAC008E1D16 /* loginViewController.swift */ = {isa = PBXFileReference; fileEncoding = 4; lastKnownFileType = sourcecode.swift; path = loginViewController.swift; sourceTree = "<group>"; };
		182EA0151F4C5DEB008E1D16 /* udacityClient.swift */ = {isa = PBXFileReference; fileEncoding = 4; lastKnownFileType = sourcecode.swift; path = udacityClient.swift; sourceTree = "<group>"; };
		182EA0171F4C9D53008E1D16 /* userInfo.swift */ = {isa = PBXFileReference; fileEncoding = 4; lastKnownFileType = sourcecode.swift; path = userInfo.swift; sourceTree = "<group>"; };
		182EA0191F4CB18B008E1D16 /* GCD-Box.swift */ = {isa = PBXFileReference; fileEncoding = 4; lastKnownFileType = sourcecode.swift; name = "GCD-Box.swift"; path = "../GCD-Box.swift"; sourceTree = "<group>"; };
		182EA01B1F4D53AC008E1D16 /* displayAlert.swift */ = {isa = PBXFileReference; fileEncoding = 4; lastKnownFileType = sourcecode.swift; name = displayAlert.swift; path = ../displayAlert.swift; sourceTree = "<group>"; };
		18356B091F5152FB00F34D73 /* TableViewController.swift */ = {isa = PBXFileReference; fileEncoding = 4; lastKnownFileType = sourcecode.swift; path = TableViewController.swift; sourceTree = "<group>"; };
		18356B0B1F52C08B00F34D73 /* StudentStatusViewController.swift */ = {isa = PBXFileReference; fileEncoding = 4; lastKnownFileType = sourcecode.swift; path = StudentStatusViewController.swift; sourceTree = "<group>"; };
/* End PBXFileReference section */

/* Begin PBXFrameworksBuildPhase section */
		182E9FF91F4C589A008E1D16 /* Frameworks */ = {
			isa = PBXFrameworksBuildPhase;
			buildActionMask = 2147483647;
			files = (
			);
			runOnlyForDeploymentPostprocessing = 0;
		};
/* End PBXFrameworksBuildPhase section */

/* Begin PBXGroup section */
		182E9FF31F4C5899008E1D16 = {
			isa = PBXGroup;
			children = (
				182E9FFE1F4C589A008E1D16 /* onTheMap */,
				1870D93A1F540CF200C0916F /* Data */,
				1870D93C1F540DDB00C0916F /* Extra */,
				1870D9391F540C7500C0916F /* view */,
				1870D93B1F540D7000C0916F /* UI */,
				182E9FFD1F4C589A008E1D16 /* Products */,
			);
			sourceTree = "<group>";
		};
		182E9FFD1F4C589A008E1D16 /* Products */ = {
			isa = PBXGroup;
			children = (
				182E9FFC1F4C589A008E1D16 /* onTheMap.app */,
			);
			name = Products;
			sourceTree = "<group>";
		};
		182E9FFE1F4C589A008E1D16 /* onTheMap */ = {
			isa = PBXGroup;
			children = (
				182E9FFF1F4C589A008E1D16 /* AppDelegate.swift */,
				182EA0191F4CB18B008E1D16 /* GCD-Box.swift */,
				182EA01B1F4D53AC008E1D16 /* displayAlert.swift */,
			);
			path = onTheMap;
			sourceTree = "<group>";
		};
		1870D9391F540C7500C0916F /* view */ = {
			isa = PBXGroup;
			children = (
				18356B091F5152FB00F34D73 /* TableViewController.swift */,
				182EA0131F4C5BAC008E1D16 /* loginViewController.swift */,
				18261E9D1F5007580025F1DE /* MapViewController.swift */,
				18356B0B1F52C08B00F34D73 /* StudentStatusViewController.swift */,
			);
			name = view;
			sourceTree = "<group>";
		};
		1870D93A1F540CF200C0916F /* Data */ = {
			isa = PBXGroup;
			children = (
				18261E9B1F4ECB7C0025F1DE /* parsingData.swift */,
				182EA0151F4C5DEB008E1D16 /* udacityClient.swift */,
			);
			name = Data;
			sourceTree = "<group>";
		};
		1870D93B1F540D7000C0916F /* UI */ = {
			isa = PBXGroup;
			children = (
				182EA0031F4C589A008E1D16 /* Main.storyboard */,
				182EA0061F4C589A008E1D16 /* Assets.xcassets */,
				182EA0081F4C589A008E1D16 /* LaunchScreen.storyboard */,
				182EA00B1F4C589A008E1D16 /* Info.plist */,
			);
			name = UI;
			sourceTree = "<group>";
		};
		1870D93C1F540DDB00C0916F /* Extra */ = {
			isa = PBXGroup;
			children = (
				182EA0171F4C9D53008E1D16 /* userInfo.swift */,
				18261E971F4DB47C0025F1DE /* studentsInfo.swift */,
				18261E991F4E9DAA0025F1DE /* studentDict.swift */,
			);
			name = Extra;
			sourceTree = "<group>";
		};
/* End PBXGroup section */

/* Begin PBXNativeTarget section */
		182E9FFB1F4C589A008E1D16 /* onTheMap */ = {
			isa = PBXNativeTarget;
			buildConfigurationList = 182EA00E1F4C589A008E1D16 /* Build configuration list for PBXNativeTarget "onTheMap" */;
			buildPhases = (
				182E9FF81F4C589A008E1D16 /* Sources */,
				182E9FF91F4C589A008E1D16 /* Frameworks */,
				182E9FFA1F4C589A008E1D16 /* Resources */,
			);
			buildRules = (
			);
			dependencies = (
			);
			name = onTheMap;
			productName = onTheMap;
			productReference = 182E9FFC1F4C589A008E1D16 /* onTheMap.app */;
			productType = "com.apple.product-type.application";
		};
/* End PBXNativeTarget section */

/* Begin PBXProject section */
		182E9FF41F4C5899008E1D16 /* Project object */ = {
			isa = PBXProject;
			attributes = {
				LastSwiftUpdateCheck = 0820;
				LastUpgradeCheck = 0820;
				ORGANIZATIONNAME = rishi;
				TargetAttributes = {
					182E9FFB1F4C589A008E1D16 = {
						CreatedOnToolsVersion = 8.2.1;
						ProvisioningStyle = Automatic;
					};
				};
			};
			buildConfigurationList = 182E9FF71F4C589A008E1D16 /* Build configuration list for PBXProject "onTheMap" */;
			compatibilityVersion = "Xcode 3.2";
			developmentRegion = English;
			hasScannedForEncodings = 0;
			knownRegions = (
				en,
				Base,
			);
			mainGroup = 182E9FF31F4C5899008E1D16;
			productRefGroup = 182E9FFD1F4C589A008E1D16 /* Products */;
			projectDirPath = "";
			projectRoot = "";
			targets = (
				182E9FFB1F4C589A008E1D16 /* onTheMap */,
			);
		};
/* End PBXProject section */

/* Begin PBXResourcesBuildPhase section */
		182E9FFA1F4C589A008E1D16 /* Resources */ = {
			isa = PBXResourcesBuildPhase;
			buildActionMask = 2147483647;
			files = (
				182EA00A1F4C589A008E1D16 /* LaunchScreen.storyboard in Resources */,
				182EA0071F4C589A008E1D16 /* Assets.xcassets in Resources */,
				182EA0051F4C589A008E1D16 /* Main.storyboard in Resources */,
			);
			runOnlyForDeploymentPostprocessing = 0;
		};
/* End PBXResourcesBuildPhase section */

/* Begin PBXSourcesBuildPhase section */
		182E9FF81F4C589A008E1D16 /* Sources */ = {
			isa = PBXSourcesBuildPhase;
			buildActionMask = 2147483647;
			files = (
				18261E9C1F4ECB7C0025F1DE /* parsingData.swift in Sources */,
				182EA0181F4C9D53008E1D16 /* userInfo.swift in Sources */,
				18356B0C1F52C08B00F34D73 /* StudentStatusViewController.swift in Sources */,
				182EA0161F4C5DEB008E1D16 /* udacityClient.swift in Sources */,
				18261E9E1F5007580025F1DE /* MapViewController.swift in Sources */,
				182EA01A1F4CB18B008E1D16 /* GCD-Box.swift in Sources */,
				182EA01C1F4D53AC008E1D16 /* displayAlert.swift in Sources */,
				18356B0A1F5152FB00F34D73 /* TableViewController.swift in Sources */,
				182EA0001F4C589A008E1D16 /* AppDelegate.swift in Sources */,
				182EA0141F4C5BAC008E1D16 /* loginViewController.swift in Sources */,
				18261E981F4DB47C0025F1DE /* studentsInfo.swift in Sources */,
				18261E9A1F4E9DAA0025F1DE /* studentDict.swift in Sources */,
			);
			runOnlyForDeploymentPostprocessing = 0;
		};
/* End PBXSourcesBuildPhase section */

/* Begin PBXVariantGroup section */
		182EA0031F4C589A008E1D16 /* Main.storyboard */ = {
			isa = PBXVariantGroup;
			children = (
				182EA0041F4C589A008E1D16 /* Base */,
			);
			name = Main.storyboard;
			path = onTheMap;
			sourceTree = "<group>";
		};
		182EA0081F4C589A008E1D16 /* LaunchScreen.storyboard */ = {
			isa = PBXVariantGroup;
			children = (
				182EA0091F4C589A008E1D16 /* Base */,
			);
			name = LaunchScreen.storyboard;
			path = onTheMap;
			sourceTree = "<group>";
		};
/* End PBXVariantGroup section */

/* Begin XCBuildConfiguration section */
		182EA00C1F4C589A008E1D16 /* Debug */ = {
			isa = XCBuildConfiguration;
			buildSettings = {
				ALWAYS_SEARCH_USER_PATHS = NO;
				CLANG_ANALYZER_NONNULL = YES;
				CLANG_CXX_LANGUAGE_STANDARD = "gnu++0x";
				CLANG_CXX_LIBRARY = "libc++";
				CLANG_ENABLE_MODULES = YES;
				CLANG_ENABLE_OBJC_ARC = YES;
				CLANG_WARN_BOOL_CONVERSION = YES;
				CLANG_WARN_CONSTANT_CONVERSION = YES;
				CLANG_WARN_DIRECT_OBJC_ISA_USAGE = YES_ERROR;
				CLANG_WARN_DOCUMENTATION_COMMENTS = YES;
				CLANG_WARN_EMPTY_BODY = YES;
				CLANG_WARN_ENUM_CONVERSION = YES;
				CLANG_WARN_INFINITE_RECURSION = YES;
				CLANG_WARN_INT_CONVERSION = YES;
				CLANG_WARN_OBJC_ROOT_CLASS = YES_ERROR;
				CLANG_WARN_SUSPICIOUS_MOVE = YES;
				CLANG_WARN_UNREACHABLE_CODE = YES;
				CLANG_WARN__DUPLICATE_METHOD_MATCH = YES;
				"CODE_SIGN_IDENTITY[sdk=iphoneos*]" = "iPhone Developer";
				COPY_PHASE_STRIP = NO;
				DEBUG_INFORMATION_FORMAT = dwarf;
				ENABLE_STRICT_OBJC_MSGSEND = YES;
				ENABLE_TESTABILITY = YES;
				GCC_C_LANGUAGE_STANDARD = gnu99;
				GCC_DYNAMIC_NO_PIC = NO;
				GCC_NO_COMMON_BLOCKS = YES;
				GCC_OPTIMIZATION_LEVEL = 0;
				GCC_PREPROCESSOR_DEFINITIONS = (
					"DEBUG=1",
					"$(inherited)",
				);
				GCC_WARN_64_TO_32_BIT_CONVERSION = YES;
				GCC_WARN_ABOUT_RETURN_TYPE = YES_ERROR;
				GCC_WARN_UNDECLARED_SELECTOR = YES;
				GCC_WARN_UNINITIALIZED_AUTOS = YES_AGGRESSIVE;
				GCC_WARN_UNUSED_FUNCTION = YES;
				GCC_WARN_UNUSED_VARIABLE = YES;
				IPHONEOS_DEPLOYMENT_TARGET = 10.2;
				MTL_ENABLE_DEBUG_INFO = YES;
				ONLY_ACTIVE_ARCH = YES;
				SDKROOT = iphoneos;
				SWIFT_ACTIVE_COMPILATION_CONDITIONS = DEBUG;
				SWIFT_OPTIMIZATION_LEVEL = "-Onone";
			};
			name = Debug;
		};
		182EA00D1F4C589A008E1D16 /* Release */ = {
			isa = XCBuildConfiguration;
			buildSettings = {
				ALWAYS_SEARCH_USER_PATHS = NO;
				CLANG_ANALYZER_NONNULL = YES;
				CLANG_CXX_LANGUAGE_STANDARD = "gnu++0x";
				CLANG_CXX_LIBRARY = "libc++";
				CLANG_ENABLE_MODULES = YES;
				CLANG_ENABLE_OBJC_ARC = YES;
				CLANG_WARN_BOOL_CONVERSION = YES;
				CLANG_WARN_CONSTANT_CONVERSION = YES;
				CLANG_WARN_DIRECT_OBJC_ISA_USAGE = YES_ERROR;
				CLANG_WARN_DOCUMENTATION_COMMENTS = YES;
				CLANG_WARN_EMPTY_BODY = YES;
				CLANG_WARN_ENUM_CONVERSION = YES;
				CLANG_WARN_INFINITE_RECURSION = YES;
				CLANG_WARN_INT_CONVERSION = YES;
				CLANG_WARN_OBJC_ROOT_CLASS = YES_ERROR;
				CLANG_WARN_SUSPICIOUS_MOVE = YES;
				CLANG_WARN_UNREACHABLE_CODE = YES;
				CLANG_WARN__DUPLICATE_METHOD_MATCH = YES;
				"CODE_SIGN_IDENTITY[sdk=iphoneos*]" = "iPhone Developer";
				COPY_PHASE_STRIP = NO;
				DEBUG_INFORMATION_FORMAT = "dwarf-with-dsym";
				ENABLE_NS_ASSERTIONS = NO;
				ENABLE_STRICT_OBJC_MSGSEND = YES;
				GCC_C_LANGUAGE_STANDARD = gnu99;
				GCC_NO_COMMON_BLOCKS = YES;
				GCC_WARN_64_TO_32_BIT_CONVERSION = YES;
				GCC_WARN_ABOUT_RETURN_TYPE = YES_ERROR;
				GCC_WARN_UNDECLARED_SELECTOR = YES;
				GCC_WARN_UNINITIALIZED_AUTOS = YES_AGGRESSIVE;
				GCC_WARN_UNUSED_FUNCTION = YES;
				GCC_WARN_UNUSED_VARIABLE = YES;
				IPHONEOS_DEPLOYMENT_TARGET = 10.2;
				MTL_ENABLE_DEBUG_INFO = NO;
				SDKROOT = iphoneos;
				SWIFT_OPTIMIZATION_LEVEL = "-Owholemodule";
				VALIDATE_PRODUCT = YES;
			};
			name = Release;
		};
		182EA00F1F4C589A008E1D16 /* Debug */ = {
			isa = XCBuildConfiguration;
			buildSettings = {
				ASSETCATALOG_COMPILER_APPICON_NAME = AppIcon;
				INFOPLIST_FILE = onTheMap/Info.plist;
				LD_RUNPATH_SEARCH_PATHS = "$(inherited) @executable_path/Frameworks";
				PRODUCT_BUNDLE_IDENTIFIER = rishabh.onTheMap;
				PRODUCT_NAME = "$(TARGET_NAME)";
				SWIFT_VERSION = 3.0;
			};
			name = Debug;
		};
		182EA0101F4C589A008E1D16 /* Release */ = {
			isa = XCBuildConfiguration;
			buildSettings = {
				ASSETCATALOG_COMPILER_APPICON_NAME = AppIcon;
				INFOPLIST_FILE = onTheMap/Info.plist;
				LD_RUNPATH_SEARCH_PATHS = "$(inherited) @executable_path/Frameworks";
				PRODUCT_BUNDLE_IDENTIFIER = rishabh.onTheMap;
				PRODUCT_NAME = "$(TARGET_NAME)";
				SWIFT_VERSION = 3.0;
			};
			name = Release;
		};
/* End XCBuildConfiguration section */

/* Begin XCConfigurationList section */
		182E9FF71F4C589A008E1D16 /* Build configuration list for PBXProject "onTheMap" */ = {
			isa = XCConfigurationList;
			buildConfigurations = (
				182EA00C1F4C589A008E1D16 /* Debug */,
				182EA00D1F4C589A008E1D16 /* Release */,
			);
			defaultConfigurationIsVisible = 0;
			defaultConfigurationName = Release;
		};
		182EA00E1F4C589A008E1D16 /* Build configuration list for PBXNativeTarget "onTheMap" */ = {
			isa = XCConfigurationList;
			buildConfigurations = (
				182EA00F1F4C589A008E1D16 /* Debug */,
				182EA0101F4C589A008E1D16 /* Release */,
			);
			defaultConfigurationIsVisible = 0;
			defaultConfigurationName = Release;
		};
/* End XCConfigurationList section */
	};
	rootObject = 182E9FF41F4C5899008E1D16 /* Project object */;
}
